
Microsoft Visual Studio Solution File, Format Version 12.00
# Visual Studio Version 16
VisualStudioVersion = 16.0.810.25
MinimumVisualStudioVersion = 10.0.40219.1
Project("{FAE04EC0-301F-11D3-BF4B-00C04F79EFBC}") = "coffeetask", "coffeetask\coffeetask.csproj", "{B5007BEA-32B5-41C1-A87A-83433267DD6F}"
EndProject
Global
	GlobalSection(SolutionConfigurationPlatforms) = preSolution
		Debug|Any CPU = Debug|Any CPU
		Release|Any CPU = Release|Any CPU
	EndGlobalSection
	GlobalSection(ProjectConfigurationPlatforms) = postSolution
		{B5007BEA-32B5-41C1-A87A-83433267DD6F}.Debug|Any CPU.ActiveCfg = Debug|Any CPU
		{B5007BEA-32B5-41C1-A87A-83433267DD6F}.Debug|Any CPU.Build.0 = Debug|Any CPU
		{B5007BEA-32B5-41C1-A87A-83433267DD6F}.Release|Any CPU.ActiveCfg = Release|Any CPU
		{B5007BEA-32B5-41C1-A87A-83433267DD6F}.Release|Any CPU.Build.0 = Release|Any CPU
	EndGlobalSection
	GlobalSection(SolutionProperties) = preSolution
		HideSolutionNode = FALSE
	EndGlobalSection
	GlobalSection(ExtensibilityGlobals) = postSolution
		SolutionGuid = {E3F603F8-EB8D-4BC0-8A78-C14F0B72348C}
	EndGlobalSection
EndGlobal
