
Microsoft Visual Studio Solution File, Format Version 12.00
# Visual Studio Version 16
VisualStudioVersion = 16.0.810.25
MinimumVisualStudioVersion = 10.0.40219.1
Project("{FAE04EC0-301F-11D3-BF4B-00C04F79EFBC}") = "task1", "task1\task1.csproj", "{D3F5548D-AADF-45F3-9F4E-D3458A14576C}"
EndProject
Global
	GlobalSection(SolutionConfigurationPlatforms) = preSolution
		Debug|Any CPU = Debug|Any CPU
		Release|Any CPU = Release|Any CPU
	EndGlobalSection
	GlobalSection(ProjectConfigurationPlatforms) = postSolution
		{D3F5548D-AADF-45F3-9F4E-D3458A14576C}.Debug|Any CPU.ActiveCfg = Debug|Any CPU
		{D3F5548D-AADF-45F3-9F4E-D3458A14576C}.Debug|Any CPU.Build.0 = Debug|Any CPU
		{D3F5548D-AADF-45F3-9F4E-D3458A14576C}.Release|Any CPU.ActiveCfg = Release|Any CPU
		{D3F5548D-AADF-45F3-9F4E-D3458A14576C}.Release|Any CPU.Build.0 = Release|Any CPU
	EndGlobalSection
	GlobalSection(SolutionProperties) = preSolution
		HideSolutionNode = FALSE
	EndGlobalSection
	GlobalSection(ExtensibilityGlobals) = postSolution
		SolutionGuid = {36D50B19-0B21-4274-AD90-551B63FEFA13}
	EndGlobalSection
EndGlobal
