
Microsoft Visual Studio Solution File, Format Version 12.00
# Visual Studio Version 16
VisualStudioVersion = 16.0.810.25
MinimumVisualStudioVersion = 10.0.40219.1
Project("{FAE04EC0-301F-11D3-BF4B-00C04F79EFBC}") = "task3", "task3\task3.csproj", "{11D17AC8-6E1F-4FE9-A3AD-0EC0551FD9AD}"
EndProject
Global
	GlobalSection(SolutionConfigurationPlatforms) = preSolution
		Debug|Any CPU = Debug|Any CPU
		Release|Any CPU = Release|Any CPU
	EndGlobalSection
	GlobalSection(ProjectConfigurationPlatforms) = postSolution
		{11D17AC8-6E1F-4FE9-A3AD-0EC0551FD9AD}.Debug|Any CPU.ActiveCfg = Debug|Any CPU
		{11D17AC8-6E1F-4FE9-A3AD-0EC0551FD9AD}.Debug|Any CPU.Build.0 = Debug|Any CPU
		{11D17AC8-6E1F-4FE9-A3AD-0EC0551FD9AD}.Release|Any CPU.ActiveCfg = Release|Any CPU
		{11D17AC8-6E1F-4FE9-A3AD-0EC0551FD9AD}.Release|Any CPU.Build.0 = Release|Any CPU
	EndGlobalSection
	GlobalSection(SolutionProperties) = preSolution
		HideSolutionNode = FALSE
	EndGlobalSection
	GlobalSection(ExtensibilityGlobals) = postSolution
		SolutionGuid = {3291A7B3-4C65-4A85-944F-B394C5870BA0}
	EndGlobalSection
EndGlobal
