
Microsoft Visual Studio Solution File, Format Version 12.00
# Visual Studio Version 16
VisualStudioVersion = 16.0.810.25
MinimumVisualStudioVersion = 10.0.40219.1
Project("{FAE04EC0-301F-11D3-BF4B-00C04F79EFBC}") = "week8task4", "week8task4\week8task4.csproj", "{BF8B3E2A-5E3A-4DE6-AB16-FA3EE4EEE854}"
EndProject
Global
	GlobalSection(SolutionConfigurationPlatforms) = preSolution
		Debug|Any CPU = Debug|Any CPU
		Release|Any CPU = Release|Any CPU
	EndGlobalSection
	GlobalSection(ProjectConfigurationPlatforms) = postSolution
		{BF8B3E2A-5E3A-4DE6-AB16-FA3EE4EEE854}.Debug|Any CPU.ActiveCfg = Debug|Any CPU
		{BF8B3E2A-5E3A-4DE6-AB16-FA3EE4EEE854}.Debug|Any CPU.Build.0 = Debug|Any CPU
		{BF8B3E2A-5E3A-4DE6-AB16-FA3EE4EEE854}.Release|Any CPU.ActiveCfg = Release|Any CPU
		{BF8B3E2A-5E3A-4DE6-AB16-FA3EE4EEE854}.Release|Any CPU.Build.0 = Release|Any CPU
	EndGlobalSection
	GlobalSection(SolutionProperties) = preSolution
		HideSolutionNode = FALSE
	EndGlobalSection
	GlobalSection(ExtensibilityGlobals) = postSolution
		SolutionGuid = {45D8E72D-7818-431B-B01F-E2A637783D5F}
	EndGlobalSection
EndGlobal
